
Microsoft Visual Studio Solution File, Format Version 12.00
# Visual Studio 15
VisualStudioVersion = 15.0.28307.757
MinimumVisualStudioVersion = 10.0.40219.1
Project("{FAE04EC0-301F-11D3-BF4B-00C04F79EFBC}") = "pingp", "pingp.csproj", "{AD9E9C43-6046-4524-83D4-5322DD446681}"
EndProject
Global
	GlobalSection(SolutionConfigurationPlatforms) = preSolution
		Debug|Any CPU = Debug|Any CPU
		Release|Any CPU = Release|Any CPU
	EndGlobalSection
	GlobalSection(ProjectConfigurationPlatforms) = postSolution
		{AD9E9C43-6046-4524-83D4-5322DD446681}.Debug|Any CPU.ActiveCfg = Debug|Any CPU
		{AD9E9C43-6046-4524-83D4-5322DD446681}.Debug|Any CPU.Build.0 = Debug|Any CPU
		{AD9E9C43-6046-4524-83D4-5322DD446681}.Release|Any CPU.ActiveCfg = Release|Any CPU
		{AD9E9C43-6046-4524-83D4-5322DD446681}.Release|Any CPU.Build.0 = Release|Any CPU
	EndGlobalSection
	GlobalSection(SolutionProperties) = preSolution
		HideSolutionNode = FALSE
	EndGlobalSection
	GlobalSection(ExtensibilityGlobals) = postSolution
		SolutionGuid = {FDFE4DFC-87F5-4A44-A7B9-8D879FBE58B6}
	EndGlobalSection
EndGlobal
